
Microsoft Visual Studio Solution File, Format Version 12.00
# Visual Studio Version 16
VisualStudioVersion = 16.0.30717.126
MinimumVisualStudioVersion = 10.0.40219.1
Project("{FAE04EC0-301F-11D3-BF4B-00C04F79EFBC}") = "InchToSM", "InchToSM\InchToSM.csproj", "{9C19D98D-097B-4CAF-9CF0-CFDC2CCCF412}"
EndProject
Global
	GlobalSection(SolutionConfigurationPlatforms) = preSolution
		Debug|Any CPU = Debug|Any CPU
		Release|Any CPU = Release|Any CPU
	EndGlobalSection
	GlobalSection(ProjectConfigurationPlatforms) = postSolution
		{9C19D98D-097B-4CAF-9CF0-CFDC2CCCF412}.Debug|Any CPU.ActiveCfg = Debug|Any CPU
		{9C19D98D-097B-4CAF-9CF0-CFDC2CCCF412}.Debug|Any CPU.Build.0 = Debug|Any CPU
		{9C19D98D-097B-4CAF-9CF0-CFDC2CCCF412}.Release|Any CPU.ActiveCfg = Release|Any CPU
		{9C19D98D-097B-4CAF-9CF0-CFDC2CCCF412}.Release|Any CPU.Build.0 = Release|Any CPU
	EndGlobalSection
	GlobalSection(SolutionProperties) = preSolution
		HideSolutionNode = FALSE
	EndGlobalSection
	GlobalSection(ExtensibilityGlobals) = postSolution
		SolutionGuid = {226CFAC8-CFA9-4E45-A1FB-95ADA9CD063C}
	EndGlobalSection
EndGlobal
