
Microsoft Visual Studio Solution File, Format Version 12.00
# Visual Studio Version 16
VisualStudioVersion = 16.0.32929.386
MinimumVisualStudioVersion = 10.0.40219.1
Project("{9A19103F-16F7-4668-BE54-9A1E7A4F7556}") = "Salary", "ConsoleApp2\Salary.csproj", "{5D12A3FC-BC9F-4951-B312-C6D88494FB00}"
EndProject
Project("{9A19103F-16F7-4668-BE54-9A1E7A4F7556}") = "Oscars", "Oscars\Oscars.csproj", "{ED6CFC3D-59BE-4A8A-BF98-5AFB1EF90225}"
EndProject
Project("{9A19103F-16F7-4668-BE54-9A1E7A4F7556}") = "MountingTrip", "MountingTrip\MountingTrip.csproj", "{F739A089-C829-43BB-A539-95BAA87AE4C1}"
EndProject
Project("{FAE04EC0-301F-11D3-BF4B-00C04F79EFBC}") = "WorldRanglistTenis", "WorldRanglistTenis\WorldRanglistTenis.csproj", "{856051FF-2922-450A-8496-1BA54C5E340A}"
EndProject
Global
	GlobalSection(SolutionConfigurationPlatforms) = preSolution
		Debug|Any CPU = Debug|Any CPU
		Release|Any CPU = Release|Any CPU
	EndGlobalSection
	GlobalSection(ProjectConfigurationPlatforms) = postSolution
		{5D12A3FC-BC9F-4951-B312-C6D88494FB00}.Debug|Any CPU.ActiveCfg = Debug|Any CPU
		{5D12A3FC-BC9F-4951-B312-C6D88494FB00}.Debug|Any CPU.Build.0 = Debug|Any CPU
		{5D12A3FC-BC9F-4951-B312-C6D88494FB00}.Release|Any CPU.ActiveCfg = Release|Any CPU
		{5D12A3FC-BC9F-4951-B312-C6D88494FB00}.Release|Any CPU.Build.0 = Release|Any CPU
		{ED6CFC3D-59BE-4A8A-BF98-5AFB1EF90225}.Debug|Any CPU.ActiveCfg = Debug|Any CPU
		{ED6CFC3D-59BE-4A8A-BF98-5AFB1EF90225}.Debug|Any CPU.Build.0 = Debug|Any CPU
		{ED6CFC3D-59BE-4A8A-BF98-5AFB1EF90225}.Release|Any CPU.ActiveCfg = Release|Any CPU
		{ED6CFC3D-59BE-4A8A-BF98-5AFB1EF90225}.Release|Any CPU.Build.0 = Release|Any CPU
		{F739A089-C829-43BB-A539-95BAA87AE4C1}.Debug|Any CPU.ActiveCfg = Debug|Any CPU
		{F739A089-C829-43BB-A539-95BAA87AE4C1}.Debug|Any CPU.Build.0 = Debug|Any CPU
		{F739A089-C829-43BB-A539-95BAA87AE4C1}.Release|Any CPU.ActiveCfg = Release|Any CPU
		{F739A089-C829-43BB-A539-95BAA87AE4C1}.Release|Any CPU.Build.0 = Release|Any CPU
		{856051FF-2922-450A-8496-1BA54C5E340A}.Debug|Any CPU.ActiveCfg = Debug|Any CPU
		{856051FF-2922-450A-8496-1BA54C5E340A}.Debug|Any CPU.Build.0 = Debug|Any CPU
		{856051FF-2922-450A-8496-1BA54C5E340A}.Release|Any CPU.ActiveCfg = Release|Any CPU
		{856051FF-2922-450A-8496-1BA54C5E340A}.Release|Any CPU.Build.0 = Release|Any CPU
	EndGlobalSection
	GlobalSection(SolutionProperties) = preSolution
		HideSolutionNode = FALSE
	EndGlobalSection
	GlobalSection(ExtensibilityGlobals) = postSolution
		SolutionGuid = {201D1F42-D1FF-48E0-8883-5A75C278B58C}
	EndGlobalSection
EndGlobal
